
Microsoft Visual Studio Solution File, Format Version 12.00
# Visual Studio Version 17
VisualStudioVersion = 17.6.33815.320
MinimumVisualStudioVersion = 10.0.40219.1
Project("{FAE04EC0-301F-11D3-BF4B-00C04F79EFBC}") = "Sorters", "Sorters\Sorters.csproj", "{3DAA148E-CA62-4CE1-96CC-2A383EED81DD}"
EndProject
Project("{FAE04EC0-301F-11D3-BF4B-00C04F79EFBC}") = "SortersTests", "SortersTests\SortersTests.csproj", "{C920F6AD-975F-4A24-85EE-C4C1A8D96522}"
EndProject
Project("{FAE04EC0-301F-11D3-BF4B-00C04F79EFBC}") = "SortAlgorithms", "WindowsFormsApp1\SortAlgorithms.csproj", "{FBB4171B-978A-461E-9AB4-E5FA7944DEED}"
EndProject
Global
	GlobalSection(SolutionConfigurationPlatforms) = preSolution
		Debug|Any CPU = Debug|Any CPU
		Release|Any CPU = Release|Any CPU
	EndGlobalSection
	GlobalSection(ProjectConfigurationPlatforms) = postSolution
		{3DAA148E-CA62-4CE1-96CC-2A383EED81DD}.Debug|Any CPU.ActiveCfg = Debug|Any CPU
		{3DAA148E-CA62-4CE1-96CC-2A383EED81DD}.Debug|Any CPU.Build.0 = Debug|Any CPU
		{3DAA148E-CA62-4CE1-96CC-2A383EED81DD}.Release|Any CPU.ActiveCfg = Release|Any CPU
		{3DAA148E-CA62-4CE1-96CC-2A383EED81DD}.Release|Any CPU.Build.0 = Release|Any CPU
		{C920F6AD-975F-4A24-85EE-C4C1A8D96522}.Debug|Any CPU.ActiveCfg = Debug|Any CPU
		{C920F6AD-975F-4A24-85EE-C4C1A8D96522}.Debug|Any CPU.Build.0 = Debug|Any CPU
		{C920F6AD-975F-4A24-85EE-C4C1A8D96522}.Release|Any CPU.ActiveCfg = Release|Any CPU
		{C920F6AD-975F-4A24-85EE-C4C1A8D96522}.Release|Any CPU.Build.0 = Release|Any CPU
		{FBB4171B-978A-461E-9AB4-E5FA7944DEED}.Debug|Any CPU.ActiveCfg = Debug|Any CPU
		{FBB4171B-978A-461E-9AB4-E5FA7944DEED}.Debug|Any CPU.Build.0 = Debug|Any CPU
		{FBB4171B-978A-461E-9AB4-E5FA7944DEED}.Release|Any CPU.ActiveCfg = Release|Any CPU
		{FBB4171B-978A-461E-9AB4-E5FA7944DEED}.Release|Any CPU.Build.0 = Release|Any CPU
	EndGlobalSection
	GlobalSection(SolutionProperties) = preSolution
		HideSolutionNode = FALSE
	EndGlobalSection
	GlobalSection(ExtensibilityGlobals) = postSolution
		SolutionGuid = {CED649B2-37BE-40F3-A1FE-3204846A7C84}
	EndGlobalSection
EndGlobal
